
Microsoft Visual Studio Solution File, Format Version 12.00
# Visual Studio Version 17
VisualStudioVersion = 17.14.36623.8 d17.14
MinimumVisualStudioVersion = 10.0.40219.1
Project("{FAE04EC0-301F-11D3-BF4B-00C04F79EFBC}") = "VaderProjekt.Core", "VäderProjekt.Core\VaderProjekt.Core.csproj", "{A6326EC8-B198-432E-84B7-6AA701D7A42B}"
EndProject
Project("{FAE04EC0-301F-11D3-BF4B-00C04F79EFBC}") = "VaderProjekt.DataAccess", "VäderProjekt.DataAccess\VaderProjekt.DataAccess.csproj", "{C1C62278-4E03-4EB4-99E6-D78707D1F45F}"
EndProject
Project("{FAE04EC0-301F-11D3-BF4B-00C04F79EFBC}") = "VaderProjekt.UI", "VäderProjekt.UI\VaderProjekt.UI.csproj", "{DE86F9BA-B298-4CB1-8CEB-5F8DC12F1652}"
EndProject
Global
	GlobalSection(SolutionConfigurationPlatforms) = preSolution
		Debug|Any CPU = Debug|Any CPU
		Release|Any CPU = Release|Any CPU
	EndGlobalSection
	GlobalSection(ProjectConfigurationPlatforms) = postSolution
		{A6326EC8-B198-432E-84B7-6AA701D7A42B}.Debug|Any CPU.ActiveCfg = Debug|Any CPU
		{A6326EC8-B198-432E-84B7-6AA701D7A42B}.Debug|Any CPU.Build.0 = Debug|Any CPU
		{A6326EC8-B198-432E-84B7-6AA701D7A42B}.Release|Any CPU.ActiveCfg = Release|Any CPU
		{A6326EC8-B198-432E-84B7-6AA701D7A42B}.Release|Any CPU.Build.0 = Release|Any CPU
		{C1C62278-4E03-4EB4-99E6-D78707D1F45F}.Debug|Any CPU.ActiveCfg = Debug|Any CPU
		{C1C62278-4E03-4EB4-99E6-D78707D1F45F}.Debug|Any CPU.Build.0 = Debug|Any CPU
		{C1C62278-4E03-4EB4-99E6-D78707D1F45F}.Release|Any CPU.ActiveCfg = Release|Any CPU
		{C1C62278-4E03-4EB4-99E6-D78707D1F45F}.Release|Any CPU.Build.0 = Release|Any CPU
		{DE86F9BA-B298-4CB1-8CEB-5F8DC12F1652}.Debug|Any CPU.ActiveCfg = Debug|Any CPU
		{DE86F9BA-B298-4CB1-8CEB-5F8DC12F1652}.Debug|Any CPU.Build.0 = Debug|Any CPU
		{DE86F9BA-B298-4CB1-8CEB-5F8DC12F1652}.Release|Any CPU.ActiveCfg = Release|Any CPU
		{DE86F9BA-B298-4CB1-8CEB-5F8DC12F1652}.Release|Any CPU.Build.0 = Release|Any CPU
	EndGlobalSection
	GlobalSection(SolutionProperties) = preSolution
		HideSolutionNode = FALSE
	EndGlobalSection
	GlobalSection(ExtensibilityGlobals) = postSolution
		SolutionGuid = {0D909E0C-3DE6-4A6B-A012-8F44D543A123}
	EndGlobalSection
EndGlobal
